
Microsoft Visual Studio Solution File, Format Version 12.00
# Visual Studio 14
VisualStudioVersion = 14.0.23107.0
MinimumVisualStudioVersion = 10.0.40219.1
Project("{FAE04EC0-301F-11D3-BF4B-00C04F79EFBC}") = "ConsoleApplication100", "ConsoleApplication100\ConsoleApplication100.csproj", "{B9F8D655-CA38-4F51-967D-FF6A869E59DC}"
EndProject
Global
	GlobalSection(SolutionConfigurationPlatforms) = preSolution
		Debug|Any CPU = Debug|Any CPU
		Release|Any CPU = Release|Any CPU
	EndGlobalSection
	GlobalSection(ProjectConfigurationPlatforms) = postSolution
		{B9F8D655-CA38-4F51-967D-FF6A869E59DC}.Debug|Any CPU.ActiveCfg = Debug|Any CPU
		{B9F8D655-CA38-4F51-967D-FF6A869E59DC}.Debug|Any CPU.Build.0 = Debug|Any CPU
		{B9F8D655-CA38-4F51-967D-FF6A869E59DC}.Release|Any CPU.ActiveCfg = Release|Any CPU
		{B9F8D655-CA38-4F51-967D-FF6A869E59DC}.Release|Any CPU.Build.0 = Release|Any CPU
	EndGlobalSection
	GlobalSection(SolutionProperties) = preSolution
		HideSolutionNode = FALSE
	EndGlobalSection
EndGlobal
